
Microsoft Visual Studio Solution File, Format Version 12.00
# Visual Studio Version 17
VisualStudioVersion = 17.3.32819.101
MinimumVisualStudioVersion = 10.0.40219.1
Project("{FAE04EC0-301F-11D3-BF4B-00C04F79EFBC}") = "SportsCoachingTimeManagement1", "SportsCoachingTimeManagement1\SportsCoachingTimeManagement1.csproj", "{1F98400A-59D1-4DAA-8C06-7D74243FB8E7}"
EndProject
Global
	GlobalSection(SolutionConfigurationPlatforms) = preSolution
		Debug|Any CPU = Debug|Any CPU
		Release|Any CPU = Release|Any CPU
	EndGlobalSection
	GlobalSection(ProjectConfigurationPlatforms) = postSolution
		{1F98400A-59D1-4DAA-8C06-7D74243FB8E7}.Debug|Any CPU.ActiveCfg = Debug|Any CPU
		{1F98400A-59D1-4DAA-8C06-7D74243FB8E7}.Debug|Any CPU.Build.0 = Debug|Any CPU
		{1F98400A-59D1-4DAA-8C06-7D74243FB8E7}.Release|Any CPU.ActiveCfg = Release|Any CPU
		{1F98400A-59D1-4DAA-8C06-7D74243FB8E7}.Release|Any CPU.Build.0 = Release|Any CPU
	EndGlobalSection
	GlobalSection(SolutionProperties) = preSolution
		HideSolutionNode = FALSE
	EndGlobalSection
	GlobalSection(ExtensibilityGlobals) = postSolution
		SolutionGuid = {527C6F40-807B-47CC-AE95-B5C87310BFE1}
	EndGlobalSection
EndGlobal
